// !$*UTF8*$!
{
	archiveVersion = 1;
	classes = {
	};
	objectVersion = 77;
	objects = {

/* Begin PBXContainerItemProxy section */
		A2F63E942DB8C6E800F3F01A /* PBXContainerItemProxy */ = {
			isa = PBXContainerItemProxy;
			containerPortal = A2F63E7E2DB8C6E600F3F01A /* Project object */;
			proxyType = 1;
			remoteGlobalIDString = A2F63E852DB8C6E600F3F01A;
			remoteInfo = AIReviewSwiftUI;
		};
		A2F63E9E2DB8C6E800F3F01A /* PBXContainerItemProxy */ = {
			isa = PBXContainerItemProxy;
			containerPortal = A2F63E7E2DB8C6E600F3F01A /* Project object */;
			proxyType = 1;
			remoteGlobalIDString = A2F63E852DB8C6E600F3F01A;
			remoteInfo = AIReviewSwiftUI;
		};
/* End PBXContainerItemProxy section */

/* Begin PBXFileReference section */
		A2F63E862DB8C6E600F3F01A /* AIReviewSwiftUI.app */ = {isa = PBXFileReference; explicitFileType = wrapper.application; includeInIndex = 0; path = AIReviewSwiftUI.app; sourceTree = BUILT_PRODUCTS_DIR; };
		A2F63E932DB8C6E800F3F01A /* AIReviewSwiftUITests.xctest */ = {isa = PBXFileReference; explicitFileType = wrapper.cfbundle; includeInIndex = 0; path = AIReviewSwiftUITests.xctest; sourceTree = BUILT_PRODUCTS_DIR; };
		A2F63E9D2DB8C6E800F3F01A /* AIReviewSwiftUIUITests.xctest */ = {isa = PBXFileReference; explicitFileType = wrapper.cfbundle; includeInIndex = 0; path = AIReviewSwiftUIUITests.xctest; sourceTree = BUILT_PRODUCTS_DIR; };
/* End PBXFileReference section */

/* Begin PBXFileSystemSynchronizedRootGroup section */
		A2F63E882DB8C6E600F3F01A /* AIReviewSwiftUI */ = {
			isa = PBXFileSystemSynchronizedRootGroup;
			path = AIReviewSwiftUI;
			sourceTree = "<group>";
		};
		A2F63E962DB8C6E800F3F01A /* AIReviewSwiftUITests */ = {
			isa = PBXFileSystemSynchronizedRootGroup;
			path = AIReviewSwiftUITests;
			sourceTree = "<group>";
		};
		A2F63EA02DB8C6E800F3F01A /* AIReviewSwiftUIUITests */ = {
			isa = PBXFileSystemSynchronizedRootGroup;
			path = AIReviewSwiftUIUITests;
			sourceTree = "<group>";
		};
/* End PBXFileSystemSynchronizedRootGroup section */

/* Begin PBXFrameworksBuildPhase section */
		A2F63E832DB8C6E600F3F01A /* Frameworks */ = {
			isa = PBXFrameworksBuildPhase;
			buildActionMask = 2147483647;
			files = (
			);
			runOnlyForDeploymentPostprocessing = 0;
		};
		A2F63E902DB8C6E800F3F01A /* Frameworks */ = {
			isa = PBXFrameworksBuildPhase;
			buildActionMask = 2147483647;
			files = (
			);
			runOnlyForDeploymentPostprocessing = 0;
		};
		A2F63E9A2DB8C6E800F3F01A /* Frameworks */ = {
			isa = PBXFrameworksBuildPhase;
			buildActionMask = 2147483647;
			files = (
			);
			runOnlyForDeploymentPostprocessing = 0;
		};
/* End PBXFrameworksBuildPhase section */

/* Begin PBXGroup section */
		A2F63E7D2DB8C6E600F3F01A = {
			isa = PBXGroup;
			children = (
				A2F63E882DB8C6E600F3F01A /* AIReviewSwiftUI */,
				A2F63E962DB8C6E800F3F01A /* AIReviewSwiftUITests */,
				A2F63EA02DB8C6E800F3F01A /* AIReviewSwiftUIUITests */,
				A2F63E872DB8C6E600F3F01A /* Products */,
			);
			sourceTree = "<group>";
		};
		A2F63E872DB8C6E600F3F01A /* Products */ = {
			isa = PBXGroup;
			children = (
				A2F63E862DB8C6E600F3F01A /* AIReviewSwiftUI.app */,
				A2F63E932DB8C6E800F3F01A /* AIReviewSwiftUITests.xctest */,
				A2F63E9D2DB8C6E800F3F01A /* AIReviewSwiftUIUITests.xctest */,
			);
			name = Products;
			sourceTree = "<group>";
		};
/* End PBXGroup section */

/* Begin PBXNativeTarget section */
		A2F63E852DB8C6E600F3F01A /* AIReviewSwiftUI */ = {
			isa = PBXNativeTarget;
			buildConfigurationList = A2F63EA72DB8C6E800F3F01A /* Build configuration list for PBXNativeTarget "AIReviewSwiftUI" */;
			buildPhases = (
				A2F63E822DB8C6E600F3F01A /* Sources */,
				A2F63E832DB8C6E600F3F01A /* Frameworks */,
				A2F63E842DB8C6E600F3F01A /* Resources */,
			);
			buildRules = (
			);
			dependencies = (
			);
			fileSystemSynchronizedGroups = (
				A2F63E882DB8C6E600F3F01A /* AIReviewSwiftUI */,
			);
			name = AIReviewSwiftUI;
			packageProductDependencies = (
			);
			productName = AIReviewSwiftUI;
			productReference = A2F63E862DB8C6E600F3F01A /* AIReviewSwiftUI.app */;
			productType = "com.apple.product-type.application";
		};
		A2F63E922DB8C6E800F3F01A /* AIReviewSwiftUITests */ = {
			isa = PBXNativeTarget;
			buildConfigurationList = A2F63EAA2DB8C6E800F3F01A /* Build configuration list for PBXNativeTarget "AIReviewSwiftUITests" */;
			buildPhases = (
				A2F63E8F2DB8C6E800F3F01A /* Sources */,
				A2F63E902DB8C6E800F3F01A /* Frameworks */,
				A2F63E912DB8C6E800F3F01A /* Resources */,
			);
			buildRules = (
			);
			dependencies = (
				A2F63E952DB8C6E800F3F01A /* PBXTargetDependency */,
			);
			fileSystemSynchronizedGroups = (
				A2F63E962DB8C6E800F3F01A /* AIReviewSwiftUITests */,
			);
			name = AIReviewSwiftUITests;
			packageProductDependencies = (
			);
			productName = AIReviewSwiftUITests;
			productReference = A2F63E932DB8C6E800F3F01A /* AIReviewSwiftUITests.xctest */;
			productType = "com.apple.product-type.bundle.unit-test";
		};
		A2F63E9C2DB8C6E800F3F01A /* AIReviewSwiftUIUITests */ = {
			isa = PBXNativeTarget;
			buildConfigurationList = A2F63EAD2DB8C6E800F3F01A /* Build configuration list for PBXNativeTarget "AIReviewSwiftUIUITests" */;
			buildPhases = (
				A2F63E992DB8C6E800F3F01A /* Sources */,
				A2F63E9A2DB8C6E800F3F01A /* Frameworks */,
				A2F63E9B2DB8C6E800F3F01A /* Resources */,
			);
			buildRules = (
			);
			dependencies = (
				A2F63E9F2DB8C6E800F3F01A /* PBXTargetDependency */,
			);
			fileSystemSynchronizedGroups = (
				A2F63EA02DB8C6E800F3F01A /* AIReviewSwiftUIUITests */,
			);
			name = AIReviewSwiftUIUITests;
			packageProductDependencies = (
			);
			productName = AIReviewSwiftUIUITests;
			productReference = A2F63E9D2DB8C6E800F3F01A /* AIReviewSwiftUIUITests.xctest */;
			productType = "com.apple.product-type.bundle.ui-testing";
		};
/* End PBXNativeTarget section */

/* Begin PBXProject section */
		A2F63E7E2DB8C6E600F3F01A /* Project object */ = {
			isa = PBXProject;
			attributes = {
				BuildIndependentTargetsInParallel = 1;
				LastSwiftUpdateCheck = 1630;
				LastUpgradeCheck = 1630;
				TargetAttributes = {
					A2F63E852DB8C6E600F3F01A = {
						CreatedOnToolsVersion = 16.3;
					};
					A2F63E922DB8C6E800F3F01A = {
						CreatedOnToolsVersion = 16.3;
						TestTargetID = A2F63E852DB8C6E600F3F01A;
					};
					A2F63E9C2DB8C6E800F3F01A = {
						CreatedOnToolsVersion = 16.3;
						TestTargetID = A2F63E852DB8C6E600F3F01A;
					};
				};
			};
			buildConfigurationList = A2F63E812DB8C6E600F3F01A /* Build configuration list for PBXProject "AIReviewSwiftUI" */;
			developmentRegion = en;
			hasScannedForEncodings = 0;
			knownRegions = (
				en,
				Base,
			);
			mainGroup = A2F63E7D2DB8C6E600F3F01A;
			minimizedProjectReferenceProxies = 1;
			packageReferences = (
				A2C354802DE7670100273361 /* XCRemoteSwiftPackageReference "viewinspector" */,
			);
			preferredProjectObjectVersion = 77;
			productRefGroup = A2F63E872DB8C6E600F3F01A /* Products */;
			projectDirPath = "";
			projectRoot = "";
			targets = (
				A2F63E852DB8C6E600F3F01A /* AIReviewSwiftUI */,
				A2F63E922DB8C6E800F3F01A /* AIReviewSwiftUITests */,
				A2F63E9C2DB8C6E800F3F01A /* AIReviewSwiftUIUITests */,
			);
		};
/* End PBXProject section */

/* Begin PBXResourcesBuildPhase section */
		A2F63E842DB8C6E600F3F01A /* Resources */ = {
			isa = PBXResourcesBuildPhase;
			buildActionMask = 2147483647;
			files = (
			);
			runOnlyForDeploymentPostprocessing = 0;
		};
		A2F63E912DB8C6E800F3F01A /* Resources */ = {
			isa = PBXResourcesBuildPhase;
			buildActionMask = 2147483647;
			files = (
			);
			runOnlyForDeploymentPostprocessing = 0;
		};
		A2F63E9B2DB8C6E800F3F01A /* Resources */ = {
			isa = PBXResourcesBuildPhase;
			buildActionMask = 2147483647;
			files = (
			);
			runOnlyForDeploymentPostprocessing = 0;
		};
/* End PBXResourcesBuildPhase section */

/* Begin PBXSourcesBuildPhase section */
		A2F63E822DB8C6E600F3F01A /* Sources */ = {
			isa = PBXSourcesBuildPhase;
			buildActionMask = 2147483647;
			files = (
			);
			runOnlyForDeploymentPostprocessing = 0;
		};
		A2F63E8F2DB8C6E800F3F01A /* Sources */ = {
			isa = PBXSourcesBuildPhase;
			buildActionMask = 2147483647;
			files = (
			);
			runOnlyForDeploymentPostprocessing = 0;
		};
		A2F63E992DB8C6E800F3F01A /* Sources */ = {
			isa = PBXSourcesBuildPhase;
			buildActionMask = 2147483647;
			files = (
			);
			runOnlyForDeploymentPostprocessing = 0;
		};
/* End PBXSourcesBuildPhase section */

/* Begin PBXTargetDependency section */
		A2F63E952DB8C6E800F3F01A /* PBXTargetDependency */ = {
			isa = PBXTargetDependency;
			target = A2F63E852DB8C6E600F3F01A /* AIReviewSwiftUI */;
			targetProxy = A2F63E942DB8C6E800F3F01A /* PBXContainerItemProxy */;
		};
		A2F63E9F2DB8C6E800F3F01A /* PBXTargetDependency */ = {
			isa = PBXTargetDependency;
			target = A2F63E852DB8C6E600F3F01A /* AIReviewSwiftUI */;
			targetProxy = A2F63E9E2DB8C6E800F3F01A /* PBXContainerItemProxy */;
		};
/* End PBXTargetDependency section */

/* Begin XCBuildConfiguration section */
		A2F63EA52DB8C6E800F3F01A /* Debug */ = {
			isa = XCBuildConfiguration;
			buildSettings = {
				ALWAYS_SEARCH_USER_PATHS = NO;
				ASSETCATALOG_COMPILER_GENERATE_SWIFT_ASSET_SYMBOL_EXTENSIONS = YES;
				CLANG_ANALYZER_NONNULL = YES;
				CLANG_ANALYZER_NUMBER_OBJECT_CONVERSION = YES_AGGRESSIVE;
				CLANG_CXX_LANGUAGE_STANDARD = "gnu++20";
				CLANG_ENABLE_MODULES = YES;
				CLANG_ENABLE_OBJC_ARC = YES;
				CLANG_ENABLE_OBJC_WEAK = YES;
				CLANG_WARN_BLOCK_CAPTURE_AUTORELEASING = YES;
				CLANG_WARN_BOOL_CONVERSION = YES;
				CLANG_WARN_COMMA = YES;
				CLANG_WARN_CONSTANT_CONVERSION = YES;
				CLANG_WARN_DEPRECATED_OBJC_IMPLEMENTATIONS = YES;
				CLANG_WARN_DIRECT_OBJC_ISA_USAGE = YES_ERROR;
				CLANG_WARN_DOCUMENTATION_COMMENTS = YES;
				CLANG_WARN_EMPTY_BODY = YES;
				CLANG_WARN_ENUM_CONVERSION = YES;
				CLANG_WARN_INFINITE_RECURSION = YES;
				CLANG_WARN_INT_CONVERSION = YES;
				CLANG_WARN_NON_LITERAL_NULL_CONVERSION = YES;
				CLANG_WARN_OBJC_IMPLICIT_RETAIN_SELF = YES;
				CLANG_WARN_OBJC_LITERAL_CONVERSION = YES;
				CLANG_WARN_OBJC_ROOT_CLASS = YES_ERROR;
				CLANG_WARN_QUOTED_INCLUDE_IN_FRAMEWORK_HEADER = YES;
				CLANG_WARN_RANGE_LOOP_ANALYSIS = YES;
				CLANG_WARN_STRICT_PROTOTYPES = YES;
				CLANG_WARN_SUSPICIOUS_MOVE = YES;
				CLANG_WARN_UNGUARDED_AVAILABILITY = YES_AGGRESSIVE;
				CLANG_WARN_UNREACHABLE_CODE = YES;
				CLANG_WARN__DUPLICATE_METHOD_MATCH = YES;
				COPY_PHASE_STRIP = NO;
				DEBUG_INFORMATION_FORMAT = dwarf;
				ENABLE_STRICT_OBJC_MSGSEND = YES;
				ENABLE_TESTABILITY = YES;
				ENABLE_USER_SCRIPT_SANDBOXING = YES;
				GCC_C_LANGUAGE_STANDARD = gnu17;
				GCC_DYNAMIC_NO_PIC = NO;
				GCC_NO_COMMON_BLOCKS = YES;
				GCC_OPTIMIZATION_LEVEL = 0;
				GCC_PREPROCESSOR_DEFINITIONS = (
					"DEBUG=1",
					"$(inherited)",
				);
				GCC_WARN_64_TO_32_BIT_CONVERSION = YES;
				GCC_WARN_ABOUT_RETURN_TYPE = YES_ERROR;
				GCC_WARN_UNDECLARED_SELECTOR = YES;
				GCC_WARN_UNINITIALIZED_AUTOS = YES_AGGRESSIVE;
				GCC_WARN_UNUSED_FUNCTION = YES;
				GCC_WARN_UNUSED_VARIABLE = YES;
				IPHONEOS_DEPLOYMENT_TARGET = 18.4;
				LOCALIZATION_PREFERS_STRING_CATALOGS = YES;
				MTL_ENABLE_DEBUG_INFO = INCLUDE_SOURCE;
				MTL_FAST_MATH = YES;
				ONLY_ACTIVE_ARCH = YES;
				SDKROOT = iphoneos;
				SWIFT_ACTIVE_COMPILATION_CONDITIONS = "DEBUG $(inherited)";
				SWIFT_OPTIMIZATION_LEVEL = "-Onone";
			};
			name = Debug;
		};
		A2F63EA62DB8C6E800F3F01A /* Release */ = {
			isa = XCBuildConfiguration;
			buildSettings = {
				ALWAYS_SEARCH_USER_PATHS = NO;
				ASSETCATALOG_COMPILER_GENERATE_SWIFT_ASSET_SYMBOL_EXTENSIONS = YES;
				CLANG_ANALYZER_NONNULL = YES;
				CLANG_ANALYZER_NUMBER_OBJECT_CONVERSION = YES_AGGRESSIVE;
				CLANG_CXX_LANGUAGE_STANDARD = "gnu++20";
				CLANG_ENABLE_MODULES = YES;
				CLANG_ENABLE_OBJC_ARC = YES;
				CLANG_ENABLE_OBJC_WEAK = YES;
				CLANG_WARN_BLOCK_CAPTURE_AUTORELEASING = YES;
				CLANG_WARN_BOOL_CONVERSION = YES;
				CLANG_WARN_COMMA = YES;
				CLANG_WARN_CONSTANT_CONVERSION = YES;
				CLANG_WARN_DEPRECATED_OBJC_IMPLEMENTATIONS = YES;
				CLANG_WARN_DIRECT_OBJC_ISA_USAGE = YES_ERROR;
				CLANG_WARN_DOCUMENTATION_COMMENTS = YES;
				CLANG_WARN_EMPTY_BODY = YES;
				CLANG_WARN_ENUM_CONVERSION = YES;
				CLANG_WARN_INFINITE_RECURSION = YES;
				CLANG_WARN_INT_CONVERSION = YES;
				CLANG_WARN_NON_LITERAL_NULL_CONVERSION = YES;
				CLANG_WARN_OBJC_IMPLICIT_RETAIN_SELF = YES;
				CLANG_WARN_OBJC_LITERAL_CONVERSION = YES;
				CLANG_WARN_OBJC_ROOT_CLASS = YES_ERROR;
				CLANG_WARN_QUOTED_INCLUDE_IN_FRAMEWORK_HEADER = YES;
				CLANG_WARN_RANGE_LOOP_ANALYSIS = YES;
				CLANG_WARN_STRICT_PROTOTYPES = YES;
				CLANG_WARN_SUSPICIOUS_MOVE = YES;
				CLANG_WARN_UNGUARDED_AVAILABILITY = YES_AGGRESSIVE;
				CLANG_WARN_UNREACHABLE_CODE = YES;
				CLANG_WARN__DUPLICATE_METHOD_MATCH = YES;
				COPY_PHASE_STRIP = NO;
				DEBUG_INFORMATION_FORMAT = "dwarf-with-dsym";
				ENABLE_NS_ASSERTIONS = NO;
				ENABLE_STRICT_OBJC_MSGSEND = YES;
				ENABLE_USER_SCRIPT_SANDBOXING = YES;
				GCC_C_LANGUAGE_STANDARD = gnu17;
				GCC_NO_COMMON_BLOCKS = YES;
				GCC_WARN_64_TO_32_BIT_CONVERSION = YES;
				GCC_WARN_ABOUT_RETURN_TYPE = YES_ERROR;
				GCC_WARN_UNDECLARED_SELECTOR = YES;
				GCC_WARN_UNINITIALIZED_AUTOS = YES_AGGRESSIVE;
				GCC_WARN_UNUSED_FUNCTION = YES;
				GCC_WARN_UNUSED_VARIABLE = YES;
				IPHONEOS_DEPLOYMENT_TARGET = 18.4;
				LOCALIZATION_PREFERS_STRING_CATALOGS = YES;
				MTL_ENABLE_DEBUG_INFO = NO;
				MTL_FAST_MATH = YES;
				SDKROOT = iphoneos;
				SWIFT_COMPILATION_MODE = wholemodule;
				VALIDATE_PRODUCT = YES;
			};
			name = Release;
		};
		A2F63EA82DB8C6E800F3F01A /* Debug */ = {
			isa = XCBuildConfiguration;
			buildSettings = {
				ASSETCATALOG_COMPILER_APPICON_NAME = AppIcon;
				ASSETCATALOG_COMPILER_GLOBAL_ACCENT_COLOR_NAME = AccentColor;
				CODE_SIGN_STYLE = Automatic;
				CURRENT_PROJECT_VERSION = 1;
				ENABLE_PREVIEWS = YES;
				GENERATE_INFOPLIST_FILE = YES;
				INFOPLIST_KEY_UIApplicationSceneManifest_Generation = YES;
				INFOPLIST_KEY_UIApplicationSupportsIndirectInputEvents = YES;
				INFOPLIST_KEY_UILaunchScreen_Generation = YES;
				INFOPLIST_KEY_UISupportedInterfaceOrientations_iPad = "UIInterfaceOrientationPortrait UIInterfaceOrientationPortraitUpsideDown UIInterfaceOrientationLandscapeLeft UIInterfaceOrientationLandscapeRight";
				INFOPLIST_KEY_UISupportedInterfaceOrientations_iPhone = "UIInterfaceOrientationPortrait UIInterfaceOrientationLandscapeLeft UIInterfaceOrientationLandscapeRight";
				LD_RUNPATH_SEARCH_PATHS = (
					"$(inherited)",
					"@executable_path/Frameworks",
				);
				MARKETING_VERSION = 1.0;
				PRODUCT_BUNDLE_IDENTIFIER = com.swiftpublished.dev.AIReviewSwiftUI;
				PRODUCT_NAME = "$(TARGET_NAME)";
				SWIFT_EMIT_LOC_STRINGS = YES;
				SWIFT_VERSION = 5.0;
				TARGETED_DEVICE_FAMILY = "1,2";
			};
			name = Debug;
		};
		A2F63EA92DB8C6E800F3F01A /* Release */ = {
			isa = XCBuildConfiguration;
			buildSettings = {
				ASSETCATALOG_COMPILER_APPICON_NAME = AppIcon;
				ASSETCATALOG_COMPILER_GLOBAL_ACCENT_COLOR_NAME = AccentColor;
				CODE_SIGN_STYLE = Automatic;
				CURRENT_PROJECT_VERSION = 1;
				ENABLE_PREVIEWS = YES;
				GENERATE_INFOPLIST_FILE = YES;
				INFOPLIST_KEY_UIApplicationSceneManifest_Generation = YES;
				INFOPLIST_KEY_UIApplicationSupportsIndirectInputEvents = YES;
				INFOPLIST_KEY_UILaunchScreen_Generation = YES;
				INFOPLIST_KEY_UISupportedInterfaceOrientations_iPad = "UIInterfaceOrientationPortrait UIInterfaceOrientationPortraitUpsideDown UIInterfaceOrientationLandscapeLeft UIInterfaceOrientationLandscapeRight";
				INFOPLIST_KEY_UISupportedInterfaceOrientations_iPhone = "UIInterfaceOrientationPortrait UIInterfaceOrientationLandscapeLeft UIInterfaceOrientationLandscapeRight";
				LD_RUNPATH_SEARCH_PATHS = (
					"$(inherited)",
					"@executable_path/Frameworks",
				);
				MARKETING_VERSION = 1.0;
				PRODUCT_BUNDLE_IDENTIFIER = com.swiftpublished.dev.AIReviewSwiftUI;
				PRODUCT_NAME = "$(TARGET_NAME)";
				SWIFT_EMIT_LOC_STRINGS = YES;
				SWIFT_VERSION = 5.0;
				TARGETED_DEVICE_FAMILY = "1,2";
			};
			name = Release;
		};
		A2F63EAB2DB8C6E800F3F01A /* Debug */ = {
			isa = XCBuildConfiguration;
			buildSettings = {
				BUNDLE_LOADER = "$(TEST_HOST)";
				CODE_SIGN_STYLE = Automatic;
				CURRENT_PROJECT_VERSION = 1;
				GENERATE_INFOPLIST_FILE = YES;
				IPHONEOS_DEPLOYMENT_TARGET = 18.4;
				MARKETING_VERSION = 1.0;
				PRODUCT_BUNDLE_IDENTIFIER = com.swiftpublished.dev.AIReviewSwiftUITests;
				PRODUCT_NAME = "$(TARGET_NAME)";
				SWIFT_EMIT_LOC_STRINGS = NO;
				SWIFT_VERSION = 5.0;
				TARGETED_DEVICE_FAMILY = "1,2";
				TEST_HOST = "$(BUILT_PRODUCTS_DIR)/AIReviewSwiftUI.app/$(BUNDLE_EXECUTABLE_FOLDER_PATH)/AIReviewSwiftUI";
			};
			name = Debug;
		};
		A2F63EAC2DB8C6E800F3F01A /* Release */ = {
			isa = XCBuildConfiguration;
			buildSettings = {
				BUNDLE_LOADER = "$(TEST_HOST)";
				CODE_SIGN_STYLE = Automatic;
				CURRENT_PROJECT_VERSION = 1;
				GENERATE_INFOPLIST_FILE = YES;
				IPHONEOS_DEPLOYMENT_TARGET = 18.4;
				MARKETING_VERSION = 1.0;
				PRODUCT_BUNDLE_IDENTIFIER = com.swiftpublished.dev.AIReviewSwiftUITests;
				PRODUCT_NAME = "$(TARGET_NAME)";
				SWIFT_EMIT_LOC_STRINGS = NO;
				SWIFT_VERSION = 5.0;
				TARGETED_DEVICE_FAMILY = "1,2";
				TEST_HOST = "$(BUILT_PRODUCTS_DIR)/AIReviewSwiftUI.app/$(BUNDLE_EXECUTABLE_FOLDER_PATH)/AIReviewSwiftUI";
			};
			name = Release;
		};
		A2F63EAE2DB8C6E800F3F01A /* Debug */ = {
			isa = XCBuildConfiguration;
			buildSettings = {
				CODE_SIGN_STYLE = Automatic;
				CURRENT_PROJECT_VERSION = 1;
				GENERATE_INFOPLIST_FILE = YES;
				MARKETING_VERSION = 1.0;
				PRODUCT_BUNDLE_IDENTIFIER = com.swiftpublished.dev.AIReviewSwiftUIUITests;
				PRODUCT_NAME = "$(TARGET_NAME)";
				SWIFT_EMIT_LOC_STRINGS = NO;
				SWIFT_VERSION = 5.0;
				TARGETED_DEVICE_FAMILY = "1,2";
				TEST_TARGET_NAME = AIReviewSwiftUI;
			};
			name = Debug;
		};
		A2F63EAF2DB8C6E800F3F01A /* Release */ = {
			isa = XCBuildConfiguration;
			buildSettings = {
				CODE_SIGN_STYLE = Automatic;
				CURRENT_PROJECT_VERSION = 1;
				GENERATE_INFOPLIST_FILE = YES;
				MARKETING_VERSION = 1.0;
				PRODUCT_BUNDLE_IDENTIFIER = com.swiftpublished.dev.AIReviewSwiftUIUITests;
				PRODUCT_NAME = "$(TARGET_NAME)";
				SWIFT_EMIT_LOC_STRINGS = NO;
				SWIFT_VERSION = 5.0;
				TARGETED_DEVICE_FAMILY = "1,2";
				TEST_TARGET_NAME = AIReviewSwiftUI;
			};
			name = Release;
		};
/* End XCBuildConfiguration section */

/* Begin XCConfigurationList section */
		A2F63E812DB8C6E600F3F01A /* Build configuration list for PBXProject "AIReviewSwiftUI" */ = {
			isa = XCConfigurationList;
			buildConfigurations = (
				A2F63EA52DB8C6E800F3F01A /* Debug */,
				A2F63EA62DB8C6E800F3F01A /* Release */,
			);
			defaultConfigurationIsVisible = 0;
			defaultConfigurationName = Release;
		};
		A2F63EA72DB8C6E800F3F01A /* Build configuration list for PBXNativeTarget "AIReviewSwiftUI" */ = {
			isa = XCConfigurationList;
			buildConfigurations = (
				A2F63EA82DB8C6E800F3F01A /* Debug */,
				A2F63EA92DB8C6E800F3F01A /* Release */,
			);
			defaultConfigurationIsVisible = 0;
			defaultConfigurationName = Release;
		};
		A2F63EAA2DB8C6E800F3F01A /* Build configuration list for PBXNativeTarget "AIReviewSwiftUITests" */ = {
			isa = XCConfigurationList;
			buildConfigurations = (
				A2F63EAB2DB8C6E800F3F01A /* Debug */,
				A2F63EAC2DB8C6E800F3F01A /* Release */,
			);
			defaultConfigurationIsVisible = 0;
			defaultConfigurationName = Release;
		};
		A2F63EAD2DB8C6E800F3F01A /* Build configuration list for PBXNativeTarget "AIReviewSwiftUIUITests" */ = {
			isa = XCConfigurationList;
			buildConfigurations = (
				A2F63EAE2DB8C6E800F3F01A /* Debug */,
				A2F63EAF2DB8C6E800F3F01A /* Release */,
			);
			defaultConfigurationIsVisible = 0;
			defaultConfigurationName = Release;
		};
/* End XCConfigurationList section */

/* Begin XCRemoteSwiftPackageReference section */
		A2C354802DE7670100273361 /* XCRemoteSwiftPackageReference "viewinspector" */ = {
			isa = XCRemoteSwiftPackageReference;
			repositoryURL = "https://github.com/nalexn/viewinspector";
			requirement = {
				kind = upToNextMajorVersion;
				minimumVersion = 0.10.1;
			};
		};
/* End XCRemoteSwiftPackageReference section */
	};
	rootObject = A2F63E7E2DB8C6E600F3F01A /* Project object */;
}
